{
  "name": "lörem-ipsum",
  "lockfileVersion": 2,
  "requires": true,
  "packages": {
    "": {
      "dependencies": {
        "loerem": "^1.0.1"
      }
    },
    "node_modules/loerem": {
      "version": "1.0.1",
      "resolved": "https://registry.npmjs.org/loerem/-/loerem-1.0.1.tgz",
      "integrity": "sha512-wOUCyyQRFn2G1N3BpM8glgnmXjxl7ZssXjLnoWKYyggTHK6DP8GY0mlg4VgWHIZBEPo0cQ+ZlvMClcM0PexDNw=="
    }
  },
  "dependencies": {
    "loerem": {
      "version": "1.0.1",
      "resolved": "https://registry.npmjs.org/loerem/-/loerem-1.0.1.tgz",
      "integrity": "sha512-wOUCyyQRFn2G1N3BpM8glgnmXjxl7ZssXjLnoWKYyggTHK6DP8GY0mlg4VgWHIZBEPo0cQ+ZlvMClcM0PexDNw=="
    }
  }
}
